# This file was autogenerated by Stack.
# You should not edit this file by hand.
# For more information, please see the documentation at:
#   https://docs.haskellstack.org/en/stable/lock_files

packages:
- completed:
    hackage: streaming-osm-1.0.0.1@sha256:2e059d949f45d6b88383187c7ad0fa1e62d603614298da8fd665066270c2cae4,1553
    pantry-tree:
      size: 979
      sha256: 1d96fa9f6b6a6128991edbd611362a9bf42936d45c664cffd28c4e6719cd5b83
  original:
    hackage: streaming-osm-1.0.0.1
snapshots:
- completed:
    size: 524799
    url: https://raw.githubusercontent.com/commercialhaskell/stackage-snapshots/master/lts/14/17.yaml
    sha256: 1d72b33c0fc048e23f4f18fd76a6ad79dd1d8a3c054644098a71a09855e40c7c
  original: lts-14.17
